<?xml version="1.0" encoding="utf-8"?>
<Project ToolsVersion="4.0" xmlns="http://schemas.microsoft.com/developer/msbuild/2003">
  <ItemGroup>
    <Filter Include="Source Files">
      <UniqueIdentifier>{4FC737F1-C7A5-4376-A066-2A32D752A2FF}</UniqueIdentifier>
      <Extensions>cpp;c;cc;cxx;def;odl;idl;hpj;bat;asm;asmx</Extensions>
    </Filter>
    <Filter Include="Header Files">
      <UniqueIdentifier>{93995380-89BD-4b04-88EB-625FBE52EBFB}</UniqueIdentifier>
      <Extensions>h;hpp;hxx;hm;inl;inc;xsd</Extensions>
    </Filter>
    <Filter Include="Resource Files">
      <UniqueIdentifier>{67DA6AB6-F800-4c08-8B7A-83BB121AAD01}</UniqueIdentifier>
      <Extensions>rc;ico;cur;bmp;dlg;rc2;rct;bin;rgs;gif;jpg;jpeg;jpe;resx;tiff;tif;png;wav;mfcribbon-ms</Extensions>
    </Filter>
  </ItemGroup>
  <ItemGroup>
    <ClInclude Include="Stdafx.h">
      <Filter>Header Files</Filter>
    </ClInclude>
    <ClInclude Include="resource.h">
      <Filter>Header Files</Filter>
    </ClInclude>
    <ClInclude Include="XnMImageGenerator.h">
      <Filter>Header Files</Filter>
    </ClInclude>
    <ClInclude Include="XnMOpenNIContextEx.h">
      <Filter>Header Files</Filter>
    </ClInclude>
    <ClInclude Include="XnMProductionNode.h">
      <Filter>Header Files</Filter>
    </ClInclude>
    <ClInclude Include="Enumerations.h">
      <Filter>Header Files</Filter>
    </ClInclude>
    <ClInclude Include="XnMHelper.h">
      <Filter>Header Files</Filter>
    </ClInclude>
    <ClInclude Include="XnMException.h">
      <Filter>Header Files</Filter>
    </ClInclude>
    <ClInclude Include="XnMNodeInfo.h">
      <Filter>Header Files</Filter>
    </ClInclude>
    <ClInclude Include="XnMGenerator.h">
      <Filter>Header Files</Filter>
    </ClInclude>
    <ClInclude Include="XnMMapGenerator.h">
      <Filter>Header Files</Filter>
    </ClInclude>
    <ClInclude Include="XnMOutputMetaData.h">
      <Filter>Header Files</Filter>
    </ClInclude>
    <ClInclude Include="XnMMapMetaData.h">
      <Filter>Header Files</Filter>
    </ClInclude>
    <ClInclude Include="XnMImageMetaData.h">
      <Filter>Header Files</Filter>
    </ClInclude>
    <ClInclude Include="XnMDepthMetaData.h">
      <Filter>Header Files</Filter>
    </ClInclude>
    <ClInclude Include="XnMDepthGenerator.h">
      <Filter>Header Files</Filter>
    </ClInclude>
    <ClInclude Include="XnMSceneAnalyzer.h">
      <Filter>Header Files</Filter>
    </ClInclude>
    <ClInclude Include="XnMSceneMetaData.h">
      <Filter>Header Files</Filter>
    </ClInclude>
  </ItemGroup>
  <ItemGroup>
    <ClCompile Include="AssemblyInfo.cpp">
      <Filter>Source Files</Filter>
    </ClCompile>
    <ClCompile Include="Stdafx.cpp">
      <Filter>Source Files</Filter>
    </ClCompile>
    <ClCompile Include="XnMImageGenerator.cpp">
      <Filter>Source Files</Filter>
    </ClCompile>
    <ClCompile Include="XnMOpenNIContextEx.cpp">
      <Filter>Source Files</Filter>
    </ClCompile>
    <ClCompile Include="XnMProductionNode.cpp">
      <Filter>Source Files</Filter>
    </ClCompile>
    <ClCompile Include="XnMHelper.cpp">
      <Filter>Source Files</Filter>
    </ClCompile>
    <ClCompile Include="XnMException.cpp">
      <Filter>Source Files</Filter>
    </ClCompile>
    <ClCompile Include="XnMNodeInfo.cpp">
      <Filter>Source Files</Filter>
    </ClCompile>
    <ClCompile Include="XnMGenerator.cpp">
      <Filter>Source Files</Filter>
    </ClCompile>
    <ClCompile Include="XnMMapGenerator.cpp">
      <Filter>Source Files</Filter>
    </ClCompile>
    <ClCompile Include="XnMOutputMetaData.cpp">
      <Filter>Source Files</Filter>
    </ClCompile>
    <ClCompile Include="XnMMapMetaData.cpp">
      <Filter>Source Files</Filter>
    </ClCompile>
    <ClCompile Include="XnMImageMetaData.cpp">
      <Filter>Source Files</Filter>
    </ClCompile>
    <ClCompile Include="XnMDepthMetaData.cpp">
      <Filter>Source Files</Filter>
    </ClCompile>
    <ClCompile Include="XnMDepthGenerator.cpp">
      <Filter>Source Files</Filter>
    </ClCompile>
    <ClCompile Include="XnMSceneAnalyzer.cpp">
      <Filter>Source Files</Filter>
    </ClCompile>
    <ClCompile Include="XnMSceneMetaData.cpp">
      <Filter>Source Files</Filter>
    </ClCompile>
  </ItemGroup>
  <ItemGroup>
    <None Include="ReadMe.txt" />
    <None Include="app.ico">
      <Filter>Resource Files</Filter>
    </None>
  </ItemGroup>
  <ItemGroup>
    <ResourceCompile Include="app.rc">
      <Filter>Resource Files</Filter>
    </ResourceCompile>
  </ItemGroup>
</Project>